
Microsoft Visual Studio Solution File, Format Version 12.00
# Visual Studio Version 17
VisualStudioVersion = 17.9.34701.34
MinimumVisualStudioVersion = 10.0.40219.1
Project("{FAE04EC0-301F-11D3-BF4B-00C04F79EFBC}") = "StudentManagement", "StudentManagement\StudentManagement.csproj", "{A1907017-B93E-4717-BD03-096D59AFC490}"
EndProject
Global
	GlobalSection(SolutionConfigurationPlatforms) = preSolution
		Debug|Any CPU = Debug|Any CPU
		Release|Any CPU = Release|Any CPU
	EndGlobalSection
	GlobalSection(ProjectConfigurationPlatforms) = postSolution
		{A1907017-B93E-4717-BD03-096D59AFC490}.Debug|Any CPU.ActiveCfg = Debug|Any CPU
		{A1907017-B93E-4717-BD03-096D59AFC490}.Debug|Any CPU.Build.0 = Debug|Any CPU
		{A1907017-B93E-4717-BD03-096D59AFC490}.Release|Any CPU.ActiveCfg = Release|Any CPU
		{A1907017-B93E-4717-BD03-096D59AFC490}.Release|Any CPU.Build.0 = Release|Any CPU
	EndGlobalSection
	GlobalSection(SolutionProperties) = preSolution
		HideSolutionNode = FALSE
	EndGlobalSection
	GlobalSection(ExtensibilityGlobals) = postSolution
		SolutionGuid = {5F75AB6E-1A09-436C-869F-355612C9AB48}
	EndGlobalSection
EndGlobal
